[[package]]
category = "main"
description = "Freely available tools for computational molecular biology."
name = "biopython"
optional = false
python-versions = "*"
version = "1.74"

[package.dependencies]
numpy = "*"

[[package]]
category = "main"
description = "Composable command line interface toolkit"
name = "click"
optional = false
python-versions = ">=2.7, !=3.0.*, !=3.1.*, !=3.2.*, !=3.3.*"
version = "7.0"

[[package]]
category = "main"
description = "General purpose efficient memoization"
name = "memoized"
optional = false
python-versions = "*"
version = "0.3"

[[package]]
category = "dev"
description = "nose extends unittest to make testing easier"
name = "nose"
optional = false
python-versions = "*"
version = "1.3.7"

[[package]]
category = "main"
description = "NumPy is the fundamental package for array computing with Python."
name = "numpy"
optional = false
python-versions = ">=2.7,!=3.0.*,!=3.1.*,!=3.2.*,!=3.3.*"
version = "1.16.5"

[[package]]
category = "dev"
description = "Parameterized testing with any Python test framework"
name = "parameterized"
optional = false
python-versions = "*"
version = "0.7.0"

[metadata]
content-hash = "101313eecae6a517c57aa77c8dcd28245e859e12a44a7f7aef953836c5b2b872"
python-versions = "^3.4"

[metadata.hashes]
biopython = ["015b79eea59bb5ccf7abef2ab17a813540c5c1969a8def2148fe3d529ff405a3", "022909d10bbdfbc70eba6ea1c06ff573444e26e40ef0899025fb269898604b16", "046510af3cbaaf822e7451f0772e3e3f327916edbfd1f34798e6b8cbf60e8aa3", "1324bd2f6ea1dbad748085875d4c206f08748bb7848355f365d31fcd771dfa75", "25152c1be2c9205bf80901fc49adf2c2efff49f0dddbcf6e6b2ce31dfa6590c0", "273c524550aaad3284edbdacecdf66cfd880dac580a5f6c5f80a9925a70144fb", "32c50dd9450ac780d640baa212ecde22fcc98dc0de472b40296968df2385c824", "36c35d93d16c9270303bfc755d2364171a1aaebd75f3bfa97179712a3ac09e2d", "3a802aba32b64aee9c3b92d8b5d50aa3d0a95c8188b69a78a2cbc292578dae08", "540f9df15e11f091e2d92959b891d2001bb59660ca806d51ca30d76dab60d39e", "6182f8c17c81aa40987b018e6241719137e463f5bb263c423db6180d118d3a03", "67144db2defb3b49d505c7c4c676ca80b3451a0764f507b930b86031b7ebde5c", "6d9a39f295d97ed953a48c1cde635b35205ed25034015238776dbd2a8afbb2a7", "7103f3dd3cef9f6ae52c0c3275ecb65121f3935b90d25c5e149ce62f684fbaf2", "77145b88a74c89f752db2ed11f64737161cc337c9e520e3853c945bd1d9866e6", "7c32c37b20843e1d22e76c889f1733097e27996d1ec0fe54d84e5f737c9ff65e", "8b7a3edd0dcc9eae3020849ad6110c721399f2c8dd71e54317dcc50035f9ebf9", "a117596b366e2226e2bf0adaf87f32cda495357c398b1b2ca2ada9f54c386718", "aa07bcf7def1c270c1fc1bab25f72a34f1ba24ab0a2d680f0a8466b39a2a7660", "b8cdfaf2963b7ef24497aa82e60bfc86267989f32a49b4edd4a67aba75202834", "bb302ad68a133ed3ae26efa0a0c82a0905c8b9b85a70fa6626611a882a65ec61", "ca627475233f698ede17b5adb169ed10b44ab4dc3a48d71069d7ab0086bdbc1c", "d3bf43ea45859bec05e8496c39dbd614c75520a832da20d826fdbd7e83105414", "d6a310fab78e11dba51b55a2b194a79128d202584127e17952f7f64b52da83e2", "e6cc6e725a5fb628d41ed675bb74aa5eb03763e1ccd3111d0f73f739c7263ab4", "efee2f77cef1b65a76fe27af83c05774329b481c2da71d0580fcbcf92d6e9988", "f50ee861a67e96488d21bc210ea72250df8cb7578351366f52c3904b841b5fbe", "fa8ed2c3fec5dc45f9b750bd5da386f82cddb7944b456bfd0472106050efa397"]
click = ["2335065e6395b9e67ca716de5f7526736bfa6ceead690adf616d925bdc622b13", "5b94b49521f6456670fdb30cd82a4eca9412788a93fa6dd6df72c94d5a8ff2d7"]
memoized = ["cdce8bacc6941a64f9a825067602c13810cfd9b84efaaf024c400ef6e7d378d8"]
nose = ["9ff7c6cc443f8c51994b34a667bbcf45afd6d945be7477b52e97516fd17c53ac", "dadcddc0aefbf99eea214e0f1232b94f2fa9bd98fa8353711dacb112bfcbbb2a", "f1bffef9cbc82628f6e7d7b40d7e255aefaa1adb6a1b1d26c69a8b79e6208a98"]
numpy = ["00836128feaf9a7c7fedeea05ad593e7965f523d23fe3ffbf20cfffd88e9f2b1", "03b28330253904d410c3c82d66329f29645eb54a7345cb7dd7a1529d61fa603f", "1594aec94e4896e0688f4f405481fda50fb70547000ae71f2e894299a088a661", "27aa457590268cb059c47daa8c55f48c610ce81da8a062ec117f74efa9124ec9", "2c5a556272c67566e8f4607d1c78ad98e954fa6c32802002a4a0b029ad8dd759", "37fdd3bb05caaaacac58015cfa38e38b006ee9cef1eaacdb70bb68c16ac7db1d", "3a96e59f61c7a8f8838d0f4d19daeba551c5f07c5cdd5c81e8e9d4089ade0042", "3d6a354bb1a1ce2cabd47e0bdcf25364322fb55a29efb59f76944d7ee546d8b6", "4208b225ae049641a7a99ab92e84ce9d642ded8250d2b6c9fd61a7fa8c072561", "46469e7fcb689036e72ce61c3d432ed35eb4c71b5119e894845b434b0fae5813", "4d790e2a37aa3350667d8bb8acc919010c7e46234c3d615738564ddc6d22026f", "612297115bade249a118616c065597ff2e5e1f47ed220d7ba71f3e6c6ebcd814", "8bb452d94e964b312205b0de1238dd7209da452343653ab214b5d681780e7a0c", "911d91ffc6688db0454d69318584415f7dfb0fc1b8ac9b549234e39495684230", "9a2b950bca9faca0145491ae9fd214c432f2b1e36783399bc2c3732e7bcc94f4", "ada1a1cd68b9874fa480bd287438f92bd7ce88ca0dd6e8d56c70f2b3dab97314", "ceb353e3ae840ce76256935b18c17236ca808509f231f41d5173d7b2680d5e77", "dbc9e9a6a5e0c4f57498855d4e30ef8b599c0ce13fdf9d64299197508d67d9e8", "e6ce7c0051ed5443f8343da2a14580aa438822ae6526900332c4564f371d2aaf", "f42e21d8db16315bc30b437bff63d6b143befb067b8cd396fa3ef17f1c21e1a0", "f7fb27c0562206787011cf299c03f663c604b58a35a9c2b5218ba6485a17b145", "fada0492dd35412cd96e0578677e9a4bdae8f102ef2b631301fcf19066b57119", "fb207362394567343d84c0462ec3ba203a21c78be9a0fdbb94982e76859ec37e"]
parameterized = ["020343a281efcfe9b71b9028a91817f981202c14d72104b5a2fbe401dee25a18", "d8c8837fb677ed2d5a93b9e2308ce0da3aeb58cf513120d501e0b7af14da78d5"]
